
Microsoft Visual Studio Solution File, Format Version 12.00
# Visual Studio 15
VisualStudioVersion = 15.0.28010.2046
MinimumVisualStudioVersion = 10.0.40219.1
Project("{9A19103F-16F7-4668-BE54-9A1E7A4F7556}") = "HTC_Web", "HTC_Web\HTC_Web.csproj", "{AB4DC462-4306-41AF-9608-C5F4038707CB}"
EndProject
Project("{FAE04EC0-301F-11D3-BF4B-00C04F79EFBC}") = "HTC_Admin", "HTC_Admin\HTC_Admin.csproj", "{CCDD2F9F-6F3B-4A6C-B078-1985AFD03D45}"
EndProject
Project("{FAE04EC0-301F-11D3-BF4B-00C04F79EFBC}") = "HTC.Aggregate", "HTC.Aggregate\HTC.Aggregate.csproj", "{AE5095DE-01BE-42FA-8892-3EEC084F0627}"
EndProject
Project("{FAE04EC0-301F-11D3-BF4B-00C04F79EFBC}") = "HTC.Data", "HTC.Data\HTC.Data.csproj", "{D477A3CB-00B2-478B-98D1-0CE550535295}"
EndProject
Project("{FAE04EC0-301F-11D3-BF4B-00C04F79EFBC}") = "HTC.Domain", "HTC.Domain\HTC.Domain.csproj", "{EC8690CE-4103-41F2-9508-FAA62EAB76BC}"
EndProject
Project("{FAE04EC0-301F-11D3-BF4B-00C04F79EFBC}") = "HTC.Service", "HTC.Service\HTC.Service.csproj", "{4979106A-45BA-4851-845D-F927F51E83ED}"
EndProject
Project("{FAE04EC0-301F-11D3-BF4B-00C04F79EFBC}") = "HTC.ViewModel", "HTC.ViewModel\HTC.ViewModel.csproj", "{5BC93890-7166-4555-B3B3-F6F5049F9D94}"
EndProject
Project("{FAE04EC0-301F-11D3-BF4B-00C04F79EFBC}") = "HTC.ServiceModel", "HTC.ServiceModel\HTC.ServiceModel.csproj", "{D8E3666D-C460-4210-BAF1-1EB2E90E7254}"
EndProject
Global
	GlobalSection(SolutionConfigurationPlatforms) = preSolution
		Debug|Any CPU = Debug|Any CPU
		Release|Any CPU = Release|Any CPU
	EndGlobalSection
	GlobalSection(ProjectConfigurationPlatforms) = postSolution
		{AB4DC462-4306-41AF-9608-C5F4038707CB}.Debug|Any CPU.ActiveCfg = Debug|Any CPU
		{AB4DC462-4306-41AF-9608-C5F4038707CB}.Debug|Any CPU.Build.0 = Debug|Any CPU
		{AB4DC462-4306-41AF-9608-C5F4038707CB}.Release|Any CPU.ActiveCfg = Release|Any CPU
		{AB4DC462-4306-41AF-9608-C5F4038707CB}.Release|Any CPU.Build.0 = Release|Any CPU
		{CCDD2F9F-6F3B-4A6C-B078-1985AFD03D45}.Debug|Any CPU.ActiveCfg = Debug|Any CPU
		{CCDD2F9F-6F3B-4A6C-B078-1985AFD03D45}.Debug|Any CPU.Build.0 = Debug|Any CPU
		{CCDD2F9F-6F3B-4A6C-B078-1985AFD03D45}.Release|Any CPU.ActiveCfg = Release|Any CPU
		{CCDD2F9F-6F3B-4A6C-B078-1985AFD03D45}.Release|Any CPU.Build.0 = Release|Any CPU
		{AE5095DE-01BE-42FA-8892-3EEC084F0627}.Debug|Any CPU.ActiveCfg = Debug|Any CPU
		{AE5095DE-01BE-42FA-8892-3EEC084F0627}.Debug|Any CPU.Build.0 = Debug|Any CPU
		{AE5095DE-01BE-42FA-8892-3EEC084F0627}.Release|Any CPU.ActiveCfg = Release|Any CPU
		{AE5095DE-01BE-42FA-8892-3EEC084F0627}.Release|Any CPU.Build.0 = Release|Any CPU
		{D477A3CB-00B2-478B-98D1-0CE550535295}.Debug|Any CPU.ActiveCfg = Debug|Any CPU
		{D477A3CB-00B2-478B-98D1-0CE550535295}.Debug|Any CPU.Build.0 = Debug|Any CPU
		{D477A3CB-00B2-478B-98D1-0CE550535295}.Release|Any CPU.ActiveCfg = Release|Any CPU
		{D477A3CB-00B2-478B-98D1-0CE550535295}.Release|Any CPU.Build.0 = Release|Any CPU
		{EC8690CE-4103-41F2-9508-FAA62EAB76BC}.Debug|Any CPU.ActiveCfg = Debug|Any CPU
		{EC8690CE-4103-41F2-9508-FAA62EAB76BC}.Debug|Any CPU.Build.0 = Debug|Any CPU
		{EC8690CE-4103-41F2-9508-FAA62EAB76BC}.Release|Any CPU.ActiveCfg = Release|Any CPU
		{EC8690CE-4103-41F2-9508-FAA62EAB76BC}.Release|Any CPU.Build.0 = Release|Any CPU
		{4979106A-45BA-4851-845D-F927F51E83ED}.Debug|Any CPU.ActiveCfg = Debug|Any CPU
		{4979106A-45BA-4851-845D-F927F51E83ED}.Debug|Any CPU.Build.0 = Debug|Any CPU
		{4979106A-45BA-4851-845D-F927F51E83ED}.Release|Any CPU.ActiveCfg = Release|Any CPU
		{4979106A-45BA-4851-845D-F927F51E83ED}.Release|Any CPU.Build.0 = Release|Any CPU
		{5BC93890-7166-4555-B3B3-F6F5049F9D94}.Debug|Any CPU.ActiveCfg = Debug|Any CPU
		{5BC93890-7166-4555-B3B3-F6F5049F9D94}.Debug|Any CPU.Build.0 = Debug|Any CPU
		{5BC93890-7166-4555-B3B3-F6F5049F9D94}.Release|Any CPU.ActiveCfg = Release|Any CPU
		{5BC93890-7166-4555-B3B3-F6F5049F9D94}.Release|Any CPU.Build.0 = Release|Any CPU
		{D8E3666D-C460-4210-BAF1-1EB2E90E7254}.Debug|Any CPU.ActiveCfg = Debug|Any CPU
		{D8E3666D-C460-4210-BAF1-1EB2E90E7254}.Debug|Any CPU.Build.0 = Debug|Any CPU
		{D8E3666D-C460-4210-BAF1-1EB2E90E7254}.Release|Any CPU.ActiveCfg = Release|Any CPU
		{D8E3666D-C460-4210-BAF1-1EB2E90E7254}.Release|Any CPU.Build.0 = Release|Any CPU
	EndGlobalSection
	GlobalSection(SolutionProperties) = preSolution
		HideSolutionNode = FALSE
	EndGlobalSection
	GlobalSection(ExtensibilityGlobals) = postSolution
		SolutionGuid = {7D1424CB-5516-4036-92B2-9BF6C6BABA49}
	EndGlobalSection
EndGlobal
